
Microsoft Visual Studio Solution File, Format Version 12.00
# Visual Studio Version 17
VisualStudioVersion = 17.0.31903.59
MinimumVisualStudioVersion = 10.0.40219.1
Project("{2150E333-8FDC-42A3-9474-1A3956D46DE8}") = "src", "src", "{827E0CD3-B72D-47B6-A68D-7590B98EB39B}"
EndProject
Project("{FAE04EC0-301F-11D3-BF4B-00C04F79EFBC}") = "Shared", "src\Shared\Shared.csproj", "{481D3EA0-523F-40A4-865E-D795E0BD092C}"
EndProject
Project("{FAE04EC0-301F-11D3-BF4B-00C04F79EFBC}") = "AuthServer", "src\AuthServer\AuthServer.csproj", "{FB471AD2-146B-4557-9A1A-E8DEDA0CE54A}"
EndProject
Project("{FAE04EC0-301F-11D3-BF4B-00C04F79EFBC}") = "Gateway", "src\Gateway\Gateway.csproj", "{CCF8A385-AAB9-430F-9049-0610FC4C4987}"
EndProject
Project("{FAE04EC0-301F-11D3-BF4B-00C04F79EFBC}") = "OrderService", "src\OrderService\OrderService.csproj", "{DEC18CF1-057E-4666-BBEE-61D1BAB781DE}"
EndProject
Project("{FAE04EC0-301F-11D3-BF4B-00C04F79EFBC}") = "InventoryService", "src\InventoryService\InventoryService.csproj", "{948796B7-6162-4226-94DB-3484DD139B93}"
EndProject
Project("{FAE04EC0-301F-11D3-BF4B-00C04F79EFBC}") = "ResultsService", "src\ResultsService\ResultsService.csproj", "{42D5B2F0-73AD-42AB-B9AB-7FDC40C9DF30}"
EndProject
Project("{FAE04EC0-301F-11D3-BF4B-00C04F79EFBC}") = "Shared.Contracts", "src\Shared.Contracts\Shared.Contracts.csproj", "{67AAE7CC-5BFE-4472-B305-3D407270EF5F}"
EndProject
Project("{2150E333-8FDC-42A3-9474-1A3956D46DE8}") = "tests", "tests", "{0AB3BF05-4346-4AA6-1389-037BE0695223}"
EndProject
Project("{FAE04EC0-301F-11D3-BF4B-00C04F79EFBC}") = "ResultsService.Tests", "tests\ResultsService.Tests\ResultsService.Tests.csproj", "{2DA415D6-255D-4B3E-A2AF-B1AC7471BBCE}"
EndProject
Project("{FAE04EC0-301F-11D3-BF4B-00C04F79EFBC}") = "InventoryService.Tests", "tests\InventoryService.Tests\InventoryService.Tests.csproj", "{4B7D8A9F-A20B-4A6F-B2F6-3FD22C3B1D90}"
EndProject
Project("{FAE04EC0-301F-11D3-BF4B-00C04F79EFBC}") = "Shared.Tests", "tests\Shared.Tests\Shared.Tests.csproj", "{E1B4D1A1-6B9D-4AE5-A1AE-2E1A1BDBA4A5}"
EndProject
Global
	GlobalSection(SolutionConfigurationPlatforms) = preSolution
		Debug|Any CPU = Debug|Any CPU
		Debug|x64 = Debug|x64
		Debug|x86 = Debug|x86
		Release|Any CPU = Release|Any CPU
		Release|x64 = Release|x64
		Release|x86 = Release|x86
	EndGlobalSection
	GlobalSection(ProjectConfigurationPlatforms) = postSolution
		{481D3EA0-523F-40A4-865E-D795E0BD092C}.Debug|Any CPU.ActiveCfg = Debug|Any CPU
		{481D3EA0-523F-40A4-865E-D795E0BD092C}.Debug|Any CPU.Build.0 = Debug|Any CPU
		{481D3EA0-523F-40A4-865E-D795E0BD092C}.Debug|x64.ActiveCfg = Debug|Any CPU
		{481D3EA0-523F-40A4-865E-D795E0BD092C}.Debug|x64.Build.0 = Debug|Any CPU
		{481D3EA0-523F-40A4-865E-D795E0BD092C}.Debug|x86.ActiveCfg = Debug|Any CPU
		{481D3EA0-523F-40A4-865E-D795E0BD092C}.Debug|x86.Build.0 = Debug|Any CPU
		{481D3EA0-523F-40A4-865E-D795E0BD092C}.Release|Any CPU.ActiveCfg = Release|Any CPU
		{481D3EA0-523F-40A4-865E-D795E0BD092C}.Release|Any CPU.Build.0 = Release|Any CPU
		{481D3EA0-523F-40A4-865E-D795E0BD092C}.Release|x64.ActiveCfg = Release|Any CPU
		{481D3EA0-523F-40A4-865E-D795E0BD092C}.Release|x64.Build.0 = Release|Any CPU
		{481D3EA0-523F-40A4-865E-D795E0BD092C}.Release|x86.ActiveCfg = Release|Any CPU
		{481D3EA0-523F-40A4-865E-D795E0BD092C}.Release|x86.Build.0 = Release|Any CPU
		{FB471AD2-146B-4557-9A1A-E8DEDA0CE54A}.Debug|Any CPU.ActiveCfg = Debug|Any CPU
		{FB471AD2-146B-4557-9A1A-E8DEDA0CE54A}.Debug|Any CPU.Build.0 = Debug|Any CPU
		{FB471AD2-146B-4557-9A1A-E8DEDA0CE54A}.Debug|x64.ActiveCfg = Debug|Any CPU
		{FB471AD2-146B-4557-9A1A-E8DEDA0CE54A}.Debug|x64.Build.0 = Debug|Any CPU
		{FB471AD2-146B-4557-9A1A-E8DEDA0CE54A}.Debug|x86.ActiveCfg = Debug|Any CPU
		{FB471AD2-146B-4557-9A1A-E8DEDA0CE54A}.Debug|x86.Build.0 = Debug|Any CPU
		{FB471AD2-146B-4557-9A1A-E8DEDA0CE54A}.Release|Any CPU.ActiveCfg = Release|Any CPU
		{FB471AD2-146B-4557-9A1A-E8DEDA0CE54A}.Release|Any CPU.Build.0 = Release|Any CPU
		{FB471AD2-146B-4557-9A1A-E8DEDA0CE54A}.Release|x64.ActiveCfg = Release|Any CPU
		{FB471AD2-146B-4557-9A1A-E8DEDA0CE54A}.Release|x64.Build.0 = Release|Any CPU
		{FB471AD2-146B-4557-9A1A-E8DEDA0CE54A}.Release|x86.ActiveCfg = Release|Any CPU
		{FB471AD2-146B-4557-9A1A-E8DEDA0CE54A}.Release|x86.Build.0 = Release|Any CPU
		{CCF8A385-AAB9-430F-9049-0610FC4C4987}.Debug|Any CPU.ActiveCfg = Debug|Any CPU
		{CCF8A385-AAB9-430F-9049-0610FC4C4987}.Debug|Any CPU.Build.0 = Debug|Any CPU
		{CCF8A385-AAB9-430F-9049-0610FC4C4987}.Debug|x64.ActiveCfg = Debug|Any CPU
		{CCF8A385-AAB9-430F-9049-0610FC4C4987}.Debug|x64.Build.0 = Debug|Any CPU
		{CCF8A385-AAB9-430F-9049-0610FC4C4987}.Debug|x86.ActiveCfg = Debug|Any CPU
		{CCF8A385-AAB9-430F-9049-0610FC4C4987}.Debug|x86.Build.0 = Debug|Any CPU
		{CCF8A385-AAB9-430F-9049-0610FC4C4987}.Release|Any CPU.ActiveCfg = Release|Any CPU
		{CCF8A385-AAB9-430F-9049-0610FC4C4987}.Release|Any CPU.Build.0 = Release|Any CPU
		{CCF8A385-AAB9-430F-9049-0610FC4C4987}.Release|x64.ActiveCfg = Release|Any CPU
		{CCF8A385-AAB9-430F-9049-0610FC4C4987}.Release|x64.Build.0 = Release|Any CPU
		{CCF8A385-AAB9-430F-9049-0610FC4C4987}.Release|x86.ActiveCfg = Release|Any CPU
		{CCF8A385-AAB9-430F-9049-0610FC4C4987}.Release|x86.Build.0 = Release|Any CPU
		{DEC18CF1-057E-4666-BBEE-61D1BAB781DE}.Debug|Any CPU.ActiveCfg = Debug|Any CPU
		{DEC18CF1-057E-4666-BBEE-61D1BAB781DE}.Debug|Any CPU.Build.0 = Debug|Any CPU
		{DEC18CF1-057E-4666-BBEE-61D1BAB781DE}.Debug|x64.ActiveCfg = Debug|Any CPU
		{DEC18CF1-057E-4666-BBEE-61D1BAB781DE}.Debug|x64.Build.0 = Debug|Any CPU
		{DEC18CF1-057E-4666-BBEE-61D1BAB781DE}.Debug|x86.ActiveCfg = Debug|Any CPU
		{DEC18CF1-057E-4666-BBEE-61D1BAB781DE}.Debug|x86.Build.0 = Debug|Any CPU
		{DEC18CF1-057E-4666-BBEE-61D1BAB781DE}.Release|Any CPU.ActiveCfg = Release|Any CPU
		{DEC18CF1-057E-4666-BBEE-61D1BAB781DE}.Release|Any CPU.Build.0 = Release|Any CPU
		{DEC18CF1-057E-4666-BBEE-61D1BAB781DE}.Release|x64.ActiveCfg = Release|Any CPU
		{DEC18CF1-057E-4666-BBEE-61D1BAB781DE}.Release|x64.Build.0 = Release|Any CPU
		{DEC18CF1-057E-4666-BBEE-61D1BAB781DE}.Release|x86.ActiveCfg = Release|Any CPU
		{DEC18CF1-057E-4666-BBEE-61D1BAB781DE}.Release|x86.Build.0 = Release|Any CPU
		{948796B7-6162-4226-94DB-3484DD139B93}.Debug|Any CPU.ActiveCfg = Debug|Any CPU
		{948796B7-6162-4226-94DB-3484DD139B93}.Debug|Any CPU.Build.0 = Debug|Any CPU
		{948796B7-6162-4226-94DB-3484DD139B93}.Debug|x64.ActiveCfg = Debug|Any CPU
		{948796B7-6162-4226-94DB-3484DD139B93}.Debug|x64.Build.0 = Debug|Any CPU
		{948796B7-6162-4226-94DB-3484DD139B93}.Debug|x86.ActiveCfg = Debug|Any CPU
		{948796B7-6162-4226-94DB-3484DD139B93}.Debug|x86.Build.0 = Debug|Any CPU
		{948796B7-6162-4226-94DB-3484DD139B93}.Release|Any CPU.ActiveCfg = Release|Any CPU
		{948796B7-6162-4226-94DB-3484DD139B93}.Release|Any CPU.Build.0 = Release|Any CPU
		{948796B7-6162-4226-94DB-3484DD139B93}.Release|x64.ActiveCfg = Release|Any CPU
		{948796B7-6162-4226-94DB-3484DD139B93}.Release|x64.Build.0 = Release|Any CPU
		{948796B7-6162-4226-94DB-3484DD139B93}.Release|x86.ActiveCfg = Release|Any CPU
		{948796B7-6162-4226-94DB-3484DD139B93}.Release|x86.Build.0 = Release|Any CPU
		{42D5B2F0-73AD-42AB-B9AB-7FDC40C9DF30}.Debug|Any CPU.ActiveCfg = Debug|Any CPU
		{42D5B2F0-73AD-42AB-B9AB-7FDC40C9DF30}.Debug|Any CPU.Build.0 = Debug|Any CPU
		{42D5B2F0-73AD-42AB-B9AB-7FDC40C9DF30}.Debug|x64.ActiveCfg = Debug|Any CPU
		{42D5B2F0-73AD-42AB-B9AB-7FDC40C9DF30}.Debug|x64.Build.0 = Debug|Any CPU
		{42D5B2F0-73AD-42AB-B9AB-7FDC40C9DF30}.Debug|x86.ActiveCfg = Debug|Any CPU
		{42D5B2F0-73AD-42AB-B9AB-7FDC40C9DF30}.Debug|x86.Build.0 = Debug|Any CPU
		{42D5B2F0-73AD-42AB-B9AB-7FDC40C9DF30}.Release|Any CPU.ActiveCfg = Release|Any CPU
		{42D5B2F0-73AD-42AB-B9AB-7FDC40C9DF30}.Release|Any CPU.Build.0 = Release|Any CPU
		{42D5B2F0-73AD-42AB-B9AB-7FDC40C9DF30}.Release|x64.ActiveCfg = Release|Any CPU
		{42D5B2F0-73AD-42AB-B9AB-7FDC40C9DF30}.Release|x64.Build.0 = Release|Any CPU
		{42D5B2F0-73AD-42AB-B9AB-7FDC40C9DF30}.Release|x86.ActiveCfg = Release|Any CPU
		{42D5B2F0-73AD-42AB-B9AB-7FDC40C9DF30}.Release|x86.Build.0 = Release|Any CPU
		{67AAE7CC-5BFE-4472-B305-3D407270EF5F}.Debug|Any CPU.ActiveCfg = Debug|Any CPU
		{67AAE7CC-5BFE-4472-B305-3D407270EF5F}.Debug|Any CPU.Build.0 = Debug|Any CPU
		{67AAE7CC-5BFE-4472-B305-3D407270EF5F}.Debug|x64.ActiveCfg = Debug|Any CPU
		{67AAE7CC-5BFE-4472-B305-3D407270EF5F}.Debug|x64.Build.0 = Debug|Any CPU
		{67AAE7CC-5BFE-4472-B305-3D407270EF5F}.Debug|x86.ActiveCfg = Debug|Any CPU
		{67AAE7CC-5BFE-4472-B305-3D407270EF5F}.Debug|x86.Build.0 = Debug|Any CPU
		{67AAE7CC-5BFE-4472-B305-3D407270EF5F}.Release|Any CPU.ActiveCfg = Release|Any CPU
		{67AAE7CC-5BFE-4472-B305-3D407270EF5F}.Release|Any CPU.Build.0 = Release|Any CPU
		{67AAE7CC-5BFE-4472-B305-3D407270EF5F}.Release|x64.ActiveCfg = Release|Any CPU
		{67AAE7CC-5BFE-4472-B305-3D407270EF5F}.Release|x64.Build.0 = Release|Any CPU
		{67AAE7CC-5BFE-4472-B305-3D407270EF5F}.Release|x86.ActiveCfg = Release|Any CPU
		{67AAE7CC-5BFE-4472-B305-3D407270EF5F}.Release|x86.Build.0 = Release|Any CPU
		{2DA415D6-255D-4B3E-A2AF-B1AC7471BBCE}.Debug|Any CPU.ActiveCfg = Debug|Any CPU
		{2DA415D6-255D-4B3E-A2AF-B1AC7471BBCE}.Debug|Any CPU.Build.0 = Debug|Any CPU
		{2DA415D6-255D-4B3E-A2AF-B1AC7471BBCE}.Debug|x64.ActiveCfg = Debug|Any CPU
		{2DA415D6-255D-4B3E-A2AF-B1AC7471BBCE}.Debug|x64.Build.0 = Debug|Any CPU
		{2DA415D6-255D-4B3E-A2AF-B1AC7471BBCE}.Debug|x86.ActiveCfg = Debug|Any CPU
		{2DA415D6-255D-4B3E-A2AF-B1AC7471BBCE}.Debug|x86.Build.0 = Debug|Any CPU
		{2DA415D6-255D-4B3E-A2AF-B1AC7471BBCE}.Release|Any CPU.ActiveCfg = Release|Any CPU
		{2DA415D6-255D-4B3E-A2AF-B1AC7471BBCE}.Release|Any CPU.Build.0 = Release|Any CPU
		{2DA415D6-255D-4B3E-A2AF-B1AC7471BBCE}.Release|x64.ActiveCfg = Release|Any CPU
		{2DA415D6-255D-4B3E-A2AF-B1AC7471BBCE}.Release|x64.Build.0 = Release|Any CPU
		{2DA415D6-255D-4B3E-A2AF-B1AC7471BBCE}.Release|x86.ActiveCfg = Release|Any CPU
		{2DA415D6-255D-4B3E-A2AF-B1AC7471BBCE}.Release|x86.Build.0 = Release|Any CPU
		{4B7D8A9F-A20B-4A6F-B2F6-3FD22C3B1D90}.Debug|Any CPU.ActiveCfg = Debug|Any CPU
		{4B7D8A9F-A20B-4A6F-B2F6-3FD22C3B1D90}.Debug|Any CPU.Build.0 = Debug|Any CPU
		{4B7D8A9F-A20B-4A6F-B2F6-3FD22C3B1D90}.Debug|x64.ActiveCfg = Debug|Any CPU
		{4B7D8A9F-A20B-4A6F-B2F6-3FD22C3B1D90}.Debug|x64.Build.0 = Debug|Any CPU
		{4B7D8A9F-A20B-4A6F-B2F6-3FD22C3B1D90}.Debug|x86.ActiveCfg = Debug|Any CPU
		{4B7D8A9F-A20B-4A6F-B2F6-3FD22C3B1D90}.Debug|x86.Build.0 = Debug|Any CPU
		{4B7D8A9F-A20B-4A6F-B2F6-3FD22C3B1D90}.Release|Any CPU.ActiveCfg = Release|Any CPU
		{4B7D8A9F-A20B-4A6F-B2F6-3FD22C3B1D90}.Release|Any CPU.Build.0 = Release|Any CPU
		{4B7D8A9F-A20B-4A6F-B2F6-3FD22C3B1D90}.Release|x64.ActiveCfg = Release|Any CPU
		{4B7D8A9F-A20B-4A6F-B2F6-3FD22C3B1D90}.Release|x64.Build.0 = Release|Any CPU
		{4B7D8A9F-A20B-4A6F-B2F6-3FD22C3B1D90}.Release|x86.ActiveCfg = Release|Any CPU
		{4B7D8A9F-A20B-4A6F-B2F6-3FD22C3B1D90}.Release|x86.Build.0 = Release|Any CPU
		{E1B4D1A1-6B9D-4AE5-A1AE-2E1A1BDBA4A5}.Debug|Any CPU.ActiveCfg = Debug|Any CPU
		{E1B4D1A1-6B9D-4AE5-A1AE-2E1A1BDBA4A5}.Debug|Any CPU.Build.0 = Debug|Any CPU
		{E1B4D1A1-6B9D-4AE5-A1AE-2E1A1BDBA4A5}.Debug|x64.ActiveCfg = Debug|Any CPU
		{E1B4D1A1-6B9D-4AE5-A1AE-2E1A1BDBA4A5}.Debug|x64.Build.0 = Debug|Any CPU
		{E1B4D1A1-6B9D-4AE5-A1AE-2E1A1BDBA4A5}.Debug|x86.ActiveCfg = Debug|Any CPU
		{E1B4D1A1-6B9D-4AE5-A1AE-2E1A1BDBA4A5}.Debug|x86.Build.0 = Debug|Any CPU
		{E1B4D1A1-6B9D-4AE5-A1AE-2E1A1BDBA4A5}.Release|Any CPU.ActiveCfg = Release|Any CPU
		{E1B4D1A1-6B9D-4AE5-A1AE-2E1A1BDBA4A5}.Release|Any CPU.Build.0 = Release|Any CPU
		{E1B4D1A1-6B9D-4AE5-A1AE-2E1A1BDBA4A5}.Release|x64.ActiveCfg = Release|Any CPU
		{E1B4D1A1-6B9D-4AE5-A1AE-2E1A1BDBA4A5}.Release|x64.Build.0 = Release|Any CPU
		{E1B4D1A1-6B9D-4AE5-A1AE-2E1A1BDBA4A5}.Release|x86.ActiveCfg = Release|Any CPU
		{E1B4D1A1-6B9D-4AE5-A1AE-2E1A1BDBA4A5}.Release|x86.Build.0 = Release|Any CPU
	EndGlobalSection
	GlobalSection(SolutionProperties) = preSolution
		HideSolutionNode = FALSE
	EndGlobalSection
	GlobalSection(NestedProjects) = preSolution
		{481D3EA0-523F-40A4-865E-D795E0BD092C} = {827E0CD3-B72D-47B6-A68D-7590B98EB39B}
		{FB471AD2-146B-4557-9A1A-E8DEDA0CE54A} = {827E0CD3-B72D-47B6-A68D-7590B98EB39B}
		{CCF8A385-AAB9-430F-9049-0610FC4C4987} = {827E0CD3-B72D-47B6-A68D-7590B98EB39B}
		{DEC18CF1-057E-4666-BBEE-61D1BAB781DE} = {827E0CD3-B72D-47B6-A68D-7590B98EB39B}
		{948796B7-6162-4226-94DB-3484DD139B93} = {827E0CD3-B72D-47B6-A68D-7590B98EB39B}
		{42D5B2F0-73AD-42AB-B9AB-7FDC40C9DF30} = {827E0CD3-B72D-47B6-A68D-7590B98EB39B}
		{67AAE7CC-5BFE-4472-B305-3D407270EF5F} = {827E0CD3-B72D-47B6-A68D-7590B98EB39B}
		{2DA415D6-255D-4B3E-A2AF-B1AC7471BBCE} = {0AB3BF05-4346-4AA6-1389-037BE0695223}
		{4B7D8A9F-A20B-4A6F-B2F6-3FD22C3B1D90} = {0AB3BF05-4346-4AA6-1389-037BE0695223}
		{E1B4D1A1-6B9D-4AE5-A1AE-2E1A1BDBA4A5} = {0AB3BF05-4346-4AA6-1389-037BE0695223}
	EndGlobalSection
EndGlobal
